
Microsoft Visual Studio Solution File, Format Version 12.00
# Visual Studio Version 17
VisualStudioVersion = 17.2.32516.85
MinimumVisualStudioVersion = 10.0.40219.1
Project("{9A19103F-16F7-4668-BE54-9A1E7A4F7556}") = "FitnessApp", "FitnessApp\FitnessApp.csproj", "{BE6465A6-3F0A-41CE-BA34-123DFC977297}"
EndProject
Project("{2150E333-8FDC-42A3-9474-1A3956D46DE8}") = "Solution Items", "Solution Items", "{EEBD47E8-C198-4668-B58C-5454910DED1C}"
	ProjectSection(SolutionItems) = preProject
		.editorconfig = .editorconfig
	EndProjectSection
EndProject
Global
	GlobalSection(SolutionConfigurationPlatforms) = preSolution
		Debug|Any CPU = Debug|Any CPU
		Release|Any CPU = Release|Any CPU
	EndGlobalSection
	GlobalSection(ProjectConfigurationPlatforms) = postSolution
		{BE6465A6-3F0A-41CE-BA34-123DFC977297}.Debug|Any CPU.ActiveCfg = Debug|Any CPU
		{BE6465A6-3F0A-41CE-BA34-123DFC977297}.Debug|Any CPU.Build.0 = Debug|Any CPU
		{BE6465A6-3F0A-41CE-BA34-123DFC977297}.Release|Any CPU.ActiveCfg = Release|Any CPU
		{BE6465A6-3F0A-41CE-BA34-123DFC977297}.Release|Any CPU.Build.0 = Release|Any CPU
	EndGlobalSection
	GlobalSection(SolutionProperties) = preSolution
		HideSolutionNode = FALSE
	EndGlobalSection
	GlobalSection(ExtensibilityGlobals) = postSolution
		SolutionGuid = {5A4C5C5C-609F-4CB3-9D9E-7CDFF2E154FE}
	EndGlobalSection
EndGlobal
